
Microsoft Visual Studio Solution File, Format Version 12.00
# Visual Studio 14
VisualStudioVersion = 14.0.25123.0
MinimumVisualStudioVersion = 10.0.40219.1
Project("{888888A0-9F3D-457C-B088-3A5042F75D52}") = "py2", "py2\py2.pyproj", "{1909A0AF-AFBF-4C19-B1A0-FD3C22469C09}"
EndProject
Project("{888888A0-9F3D-457C-B088-3A5042F75D52}") = "py3", "py3\py3.pyproj", "{BA762BB2-12BC-45BF-876B-2D77D1568FFA}"
EndProject
Global
	GlobalSection(SolutionConfigurationPlatforms) = preSolution
		Debug|Any CPU = Debug|Any CPU
		Release|Any CPU = Release|Any CPU
	EndGlobalSection
	GlobalSection(ProjectConfigurationPlatforms) = postSolution
		{1909A0AF-AFBF-4C19-B1A0-FD3C22469C09}.Debug|Any CPU.ActiveCfg = Debug|Any CPU
		{1909A0AF-AFBF-4C19-B1A0-FD3C22469C09}.Release|Any CPU.ActiveCfg = Release|Any CPU
		{BA762BB2-12BC-45BF-876B-2D77D1568FFA}.Debug|Any CPU.ActiveCfg = Debug|Any CPU
		{BA762BB2-12BC-45BF-876B-2D77D1568FFA}.Release|Any CPU.ActiveCfg = Release|Any CPU
	EndGlobalSection
	GlobalSection(SolutionProperties) = preSolution
		HideSolutionNode = FALSE
	EndGlobalSection
EndGlobal
